
Microsoft Visual Studio Solution File, Format Version 12.00
# Visual Studio Version 17
VisualStudioVersion = 17.0.31903.59
MinimumVisualStudioVersion = 10.0.40219.1
Project("{FAE04EC0-301F-11D3-BF4B-00C04F79EFBC}") = "CodeMatrix", "CodeMatrix\CodeMatrix.csproj", "{74B024D9-9640-4D3B-AA68-1BCC260AB8DC}"
EndProject
Project("{FAE04EC0-301F-11D3-BF4B-00C04F79EFBC}") = "CodeMatrix.Wpf", "CodeMatrix.Wpf\CodeMatrix.Wpf.csproj", "{EDB04A20-3A15-492D-AAD9-D5CD5AB77EE4}"
EndProject
Project("{FAE04EC0-301F-11D3-BF4B-00C04F79EFBC}") = "CodeMatrix.Demo.Wpf", "CodeMatrix.Demo.Wpf\CodeMatrix.Demo.Wpf.csproj", "{491DF256-0CCE-4B4A-A280-C6925AF2DC21}"
EndProject
Project("{FAE04EC0-301F-11D3-BF4B-00C04F79EFBC}") = "CodeMatrix.ScreenScan.Wpf", "CodeMatrix.ScreenScan.Wpf\CodeMatrix.ScreenScan.Wpf.csproj", "{C6BA3F23-BBFC-4FDB-A996-666E5CCF5191}"
EndProject
Project("{FAE04EC0-301F-11D3-BF4B-00C04F79EFBC}") = "CodeMatrix.Tests", "CodeMatrix.Tests\CodeMatrix.Tests.csproj", "{4778D193-67E1-48BE-B005-72C86DAC60FB}"
EndProject
Project("{FAE04EC0-301F-11D3-BF4B-00C04F79EFBC}") = "CodeMatrix.Examples", "CodeMatrix.Examples\CodeMatrix.Examples.csproj", "{B545BD87-9474-41A8-AF44-19F9C976A989}"
EndProject
Global
	GlobalSection(SolutionConfigurationPlatforms) = preSolution
		Debug|Any CPU = Debug|Any CPU
		Debug|x64 = Debug|x64
		Debug|x86 = Debug|x86
		Release|Any CPU = Release|Any CPU
		Release|x64 = Release|x64
		Release|x86 = Release|x86
	EndGlobalSection
	GlobalSection(ProjectConfigurationPlatforms) = postSolution
		{74B024D9-9640-4D3B-AA68-1BCC260AB8DC}.Debug|Any CPU.ActiveCfg = Debug|Any CPU
		{74B024D9-9640-4D3B-AA68-1BCC260AB8DC}.Debug|Any CPU.Build.0 = Debug|Any CPU
		{74B024D9-9640-4D3B-AA68-1BCC260AB8DC}.Debug|x64.ActiveCfg = Debug|Any CPU
		{74B024D9-9640-4D3B-AA68-1BCC260AB8DC}.Debug|x64.Build.0 = Debug|Any CPU
		{74B024D9-9640-4D3B-AA68-1BCC260AB8DC}.Debug|x86.ActiveCfg = Debug|Any CPU
		{74B024D9-9640-4D3B-AA68-1BCC260AB8DC}.Debug|x86.Build.0 = Debug|Any CPU
		{74B024D9-9640-4D3B-AA68-1BCC260AB8DC}.Release|Any CPU.ActiveCfg = Release|Any CPU
		{74B024D9-9640-4D3B-AA68-1BCC260AB8DC}.Release|Any CPU.Build.0 = Release|Any CPU
		{74B024D9-9640-4D3B-AA68-1BCC260AB8DC}.Release|x64.ActiveCfg = Release|Any CPU
		{74B024D9-9640-4D3B-AA68-1BCC260AB8DC}.Release|x64.Build.0 = Release|Any CPU
		{74B024D9-9640-4D3B-AA68-1BCC260AB8DC}.Release|x86.ActiveCfg = Release|Any CPU
		{74B024D9-9640-4D3B-AA68-1BCC260AB8DC}.Release|x86.Build.0 = Release|Any CPU
		{EDB04A20-3A15-492D-AAD9-D5CD5AB77EE4}.Debug|Any CPU.ActiveCfg = Debug|Any CPU
		{EDB04A20-3A15-492D-AAD9-D5CD5AB77EE4}.Debug|Any CPU.Build.0 = Debug|Any CPU
		{EDB04A20-3A15-492D-AAD9-D5CD5AB77EE4}.Debug|x64.ActiveCfg = Debug|Any CPU
		{EDB04A20-3A15-492D-AAD9-D5CD5AB77EE4}.Debug|x64.Build.0 = Debug|Any CPU
		{EDB04A20-3A15-492D-AAD9-D5CD5AB77EE4}.Debug|x86.ActiveCfg = Debug|Any CPU
		{EDB04A20-3A15-492D-AAD9-D5CD5AB77EE4}.Debug|x86.Build.0 = Debug|Any CPU
		{EDB04A20-3A15-492D-AAD9-D5CD5AB77EE4}.Release|Any CPU.ActiveCfg = Release|Any CPU
		{EDB04A20-3A15-492D-AAD9-D5CD5AB77EE4}.Release|Any CPU.Build.0 = Release|Any CPU
		{EDB04A20-3A15-492D-AAD9-D5CD5AB77EE4}.Release|x64.ActiveCfg = Release|Any CPU
		{EDB04A20-3A15-492D-AAD9-D5CD5AB77EE4}.Release|x64.Build.0 = Release|Any CPU
		{EDB04A20-3A15-492D-AAD9-D5CD5AB77EE4}.Release|x86.ActiveCfg = Release|Any CPU
		{EDB04A20-3A15-492D-AAD9-D5CD5AB77EE4}.Release|x86.Build.0 = Release|Any CPU
		{491DF256-0CCE-4B4A-A280-C6925AF2DC21}.Debug|Any CPU.ActiveCfg = Debug|Any CPU
		{491DF256-0CCE-4B4A-A280-C6925AF2DC21}.Debug|Any CPU.Build.0 = Debug|Any CPU
		{491DF256-0CCE-4B4A-A280-C6925AF2DC21}.Debug|x64.ActiveCfg = Debug|Any CPU
		{491DF256-0CCE-4B4A-A280-C6925AF2DC21}.Debug|x64.Build.0 = Debug|Any CPU
		{491DF256-0CCE-4B4A-A280-C6925AF2DC21}.Debug|x86.ActiveCfg = Debug|Any CPU
		{491DF256-0CCE-4B4A-A280-C6925AF2DC21}.Debug|x86.Build.0 = Debug|Any CPU
		{491DF256-0CCE-4B4A-A280-C6925AF2DC21}.Release|Any CPU.ActiveCfg = Release|Any CPU
		{491DF256-0CCE-4B4A-A280-C6925AF2DC21}.Release|Any CPU.Build.0 = Release|Any CPU
		{491DF256-0CCE-4B4A-A280-C6925AF2DC21}.Release|x64.ActiveCfg = Release|Any CPU
		{491DF256-0CCE-4B4A-A280-C6925AF2DC21}.Release|x64.Build.0 = Release|Any CPU
		{491DF256-0CCE-4B4A-A280-C6925AF2DC21}.Release|x86.ActiveCfg = Release|Any CPU
		{491DF256-0CCE-4B4A-A280-C6925AF2DC21}.Release|x86.Build.0 = Release|Any CPU
		{C6BA3F23-BBFC-4FDB-A996-666E5CCF5191}.Debug|Any CPU.ActiveCfg = Debug|Any CPU
		{C6BA3F23-BBFC-4FDB-A996-666E5CCF5191}.Debug|Any CPU.Build.0 = Debug|Any CPU
		{C6BA3F23-BBFC-4FDB-A996-666E5CCF5191}.Debug|x64.ActiveCfg = Debug|Any CPU
		{C6BA3F23-BBFC-4FDB-A996-666E5CCF5191}.Debug|x64.Build.0 = Debug|Any CPU
		{C6BA3F23-BBFC-4FDB-A996-666E5CCF5191}.Debug|x86.ActiveCfg = Debug|Any CPU
		{C6BA3F23-BBFC-4FDB-A996-666E5CCF5191}.Debug|x86.Build.0 = Debug|Any CPU
		{C6BA3F23-BBFC-4FDB-A996-666E5CCF5191}.Release|Any CPU.ActiveCfg = Release|Any CPU
		{C6BA3F23-BBFC-4FDB-A996-666E5CCF5191}.Release|Any CPU.Build.0 = Release|Any CPU
		{C6BA3F23-BBFC-4FDB-A996-666E5CCF5191}.Release|x64.ActiveCfg = Release|Any CPU
		{C6BA3F23-BBFC-4FDB-A996-666E5CCF5191}.Release|x64.Build.0 = Release|Any CPU
		{C6BA3F23-BBFC-4FDB-A996-666E5CCF5191}.Release|x86.ActiveCfg = Release|Any CPU
		{C6BA3F23-BBFC-4FDB-A996-666E5CCF5191}.Release|x86.Build.0 = Release|Any CPU
		{4778D193-67E1-48BE-B005-72C86DAC60FB}.Debug|Any CPU.ActiveCfg = Debug|Any CPU
		{4778D193-67E1-48BE-B005-72C86DAC60FB}.Debug|Any CPU.Build.0 = Debug|Any CPU
		{4778D193-67E1-48BE-B005-72C86DAC60FB}.Debug|x64.ActiveCfg = Debug|Any CPU
		{4778D193-67E1-48BE-B005-72C86DAC60FB}.Debug|x64.Build.0 = Debug|Any CPU
		{4778D193-67E1-48BE-B005-72C86DAC60FB}.Debug|x86.ActiveCfg = Debug|Any CPU
		{4778D193-67E1-48BE-B005-72C86DAC60FB}.Debug|x86.Build.0 = Debug|Any CPU
		{4778D193-67E1-48BE-B005-72C86DAC60FB}.Release|Any CPU.ActiveCfg = Release|Any CPU
		{4778D193-67E1-48BE-B005-72C86DAC60FB}.Release|Any CPU.Build.0 = Release|Any CPU
		{4778D193-67E1-48BE-B005-72C86DAC60FB}.Release|x64.ActiveCfg = Release|Any CPU
		{4778D193-67E1-48BE-B005-72C86DAC60FB}.Release|x64.Build.0 = Release|Any CPU
		{4778D193-67E1-48BE-B005-72C86DAC60FB}.Release|x86.ActiveCfg = Release|Any CPU
		{4778D193-67E1-48BE-B005-72C86DAC60FB}.Release|x86.Build.0 = Release|Any CPU
		{B545BD87-9474-41A8-AF44-19F9C976A989}.Debug|Any CPU.ActiveCfg = Debug|Any CPU
		{B545BD87-9474-41A8-AF44-19F9C976A989}.Debug|Any CPU.Build.0 = Debug|Any CPU
		{B545BD87-9474-41A8-AF44-19F9C976A989}.Debug|x64.ActiveCfg = Debug|Any CPU
		{B545BD87-9474-41A8-AF44-19F9C976A989}.Debug|x64.Build.0 = Debug|Any CPU
		{B545BD87-9474-41A8-AF44-19F9C976A989}.Debug|x86.ActiveCfg = Debug|Any CPU
		{B545BD87-9474-41A8-AF44-19F9C976A989}.Debug|x86.Build.0 = Debug|Any CPU
		{B545BD87-9474-41A8-AF44-19F9C976A989}.Release|Any CPU.ActiveCfg = Release|Any CPU
		{B545BD87-9474-41A8-AF44-19F9C976A989}.Release|Any CPU.Build.0 = Release|Any CPU
		{B545BD87-9474-41A8-AF44-19F9C976A989}.Release|x64.ActiveCfg = Release|Any CPU
		{B545BD87-9474-41A8-AF44-19F9C976A989}.Release|x64.Build.0 = Release|Any CPU
		{B545BD87-9474-41A8-AF44-19F9C976A989}.Release|x86.ActiveCfg = Release|Any CPU
		{B545BD87-9474-41A8-AF44-19F9C976A989}.Release|x86.Build.0 = Release|Any CPU
	EndGlobalSection
	GlobalSection(SolutionProperties) = preSolution
		HideSolutionNode = FALSE
	EndGlobalSection
EndGlobal
